
Microsoft Visual Studio Solution File, Format Version 12.00
# Visual Studio 15
VisualStudioVersion = 15.0.26711.1
MinimumVisualStudioVersion = 10.0.40219.1
Project("{2150E333-8FDC-42A3-9474-1A3956D46DE8}") = "src", "src", "{F4EACBFE-9EEC-437B-B777-7AAA9489976C}"
	ProjectSection(SolutionItems) = preProject
		readme.txt = readme.txt
	EndProjectSection
EndProject
Project("{2150E333-8FDC-42A3-9474-1A3956D46DE8}") = "test", "test", "{5969B558-59D4-479E-8E9B-CE7212CC44FF}"
EndProject
Project("{2150E333-8FDC-42A3-9474-1A3956D46DE8}") = "IdentityServer", "IdentityServer", "{8C831312-5A23-445A-AA0D-80BAF9A9A751}"
EndProject
Project("{9A19103F-16F7-4668-BE54-9A1E7A4F7556}") = "coremanage.Core.Bootstrap", "coremanage.Core.Bootstrap\coremanage.Core.Bootstrap.csproj", "{DB310632-EBB7-423E-93F4-2C894CB5C2F6}"
EndProject
Project("{9A19103F-16F7-4668-BE54-9A1E7A4F7556}") = "coremanage.Messaging.Email", "coremanage.Messaging.Email\coremanage.Messaging.Email.csproj", "{4682696E-15E8-4C54-97DB-9A268FB36C78}"
EndProject
Project("{2150E333-8FDC-42A3-9474-1A3956D46DE8}") = "Dashboard", "Dashboard", "{D5A5CF72-B22B-4AB9-A729-3781BAAAD4B8}"
EndProject
Project("{2150E333-8FDC-42A3-9474-1A3956D46DE8}") = "clients", "clients", "{2B66CEFB-6D2D-4055-B9DC-38026A972B8E}"
EndProject
Project("{9A19103F-16F7-4668-BE54-9A1E7A4F7556}") = "coremanage.Dashboard.WebApi", "coremanage.Dashboard.WebApi\coremanage.Dashboard.WebApi.csproj", "{678BF830-20B0-429F-B532-1ACA0892973A}"
EndProject
Project("{9A19103F-16F7-4668-BE54-9A1E7A4F7556}") = "storagecore.Abstractions", "storagecore.Abstractions\storagecore.Abstractions.csproj", "{A0700777-195E-4317-9723-F672EF4EDA7E}"
EndProject
Project("{9A19103F-16F7-4668-BE54-9A1E7A4F7556}") = "storagecore.EntityFrameworkCore", "storagecore.EntityFrameworkCore\storagecore.EntityFrameworkCore.csproj", "{69190E2B-9D5C-4D94-8F2C-111AC582EA45}"
EndProject
Project("{9A19103F-16F7-4668-BE54-9A1E7A4F7556}") = "coremanage.Data.Storage", "coremanage.Data.Storage\coremanage.Data.Storage.csproj", "{78BBE643-EACF-4A9F-9AB7-A7091D54EAF1}"
EndProject
Project("{9A19103F-16F7-4668-BE54-9A1E7A4F7556}") = "coremanage.Core.Contracts", "coremanage.Core.Contracts\coremanage.Core.Contracts.csproj", "{54EFE7BF-BC0C-4985-88B0-51C728874313}"
EndProject
Project("{9A19103F-16F7-4668-BE54-9A1E7A4F7556}") = "coremanage.Core.Models", "coremanage.Core.Models\coremanage.Core.Models.csproj", "{DE5F4F2D-5BE5-4C0E-BD0C-7DD9FDC7E136}"
EndProject
Project("{9A19103F-16F7-4668-BE54-9A1E7A4F7556}") = "coremanage.Data.Models", "coremanage.Data.Models\coremanage.Data.Models.csproj", "{B8D16719-2E48-4DB5-AA34-29AA2126205B}"
EndProject
Project("{9A19103F-16F7-4668-BE54-9A1E7A4F7556}") = "coremanage.Core.Services", "coremanage.Core.Services\coremanage.Core.Services.csproj", "{6ABBDA98-98C7-4F66-B03B-6FAAFEB360AE}"
EndProject
Project("{9A19103F-16F7-4668-BE54-9A1E7A4F7556}") = "client.ResourceOwner", "client.ResourceOwner\client.ResourceOwner.csproj", "{0F39D634-1196-49D8-856A-8642207A91AC}"
EndProject
Project("{9A19103F-16F7-4668-BE54-9A1E7A4F7556}") = "coremanage.Core.Common", "coremanage.Core.Common\coremanage.Core.Common.csproj", "{45F534AB-9313-48E9-9F08-FE83DE18FE93}"
EndProject
Project("{2150E333-8FDC-42A3-9474-1A3956D46DE8}") = "coremanage", "coremanage", "{9FF21FC3-DBDE-4371-BAE8-F8E59CE36374}"
EndProject
Project("{9A19103F-16F7-4668-BE54-9A1E7A4F7556}") = "coremanage.IdentityServer.WebApi", "coremanage.IdentityServer.WebApi\coremanage.IdentityServer.WebApi.csproj", "{192AEE7E-D6A2-4EB1-8549-ECF757CD2F29}"
EndProject
Global
	GlobalSection(SolutionConfigurationPlatforms) = preSolution
		Debug|Any CPU = Debug|Any CPU
		Debug|x64 = Debug|x64
		Debug|x86 = Debug|x86
		Release|Any CPU = Release|Any CPU
		Release|x64 = Release|x64
		Release|x86 = Release|x86
	EndGlobalSection
	GlobalSection(ProjectConfigurationPlatforms) = postSolution
		{DB310632-EBB7-423E-93F4-2C894CB5C2F6}.Debug|Any CPU.ActiveCfg = Debug|Any CPU
		{DB310632-EBB7-423E-93F4-2C894CB5C2F6}.Debug|Any CPU.Build.0 = Debug|Any CPU
		{DB310632-EBB7-423E-93F4-2C894CB5C2F6}.Debug|x64.ActiveCfg = Debug|Any CPU
		{DB310632-EBB7-423E-93F4-2C894CB5C2F6}.Debug|x64.Build.0 = Debug|Any CPU
		{DB310632-EBB7-423E-93F4-2C894CB5C2F6}.Debug|x86.ActiveCfg = Debug|Any CPU
		{DB310632-EBB7-423E-93F4-2C894CB5C2F6}.Debug|x86.Build.0 = Debug|Any CPU
		{DB310632-EBB7-423E-93F4-2C894CB5C2F6}.Release|Any CPU.ActiveCfg = Release|Any CPU
		{DB310632-EBB7-423E-93F4-2C894CB5C2F6}.Release|Any CPU.Build.0 = Release|Any CPU
		{DB310632-EBB7-423E-93F4-2C894CB5C2F6}.Release|x64.ActiveCfg = Release|Any CPU
		{DB310632-EBB7-423E-93F4-2C894CB5C2F6}.Release|x64.Build.0 = Release|Any CPU
		{DB310632-EBB7-423E-93F4-2C894CB5C2F6}.Release|x86.ActiveCfg = Release|Any CPU
		{DB310632-EBB7-423E-93F4-2C894CB5C2F6}.Release|x86.Build.0 = Release|Any CPU
		{4682696E-15E8-4C54-97DB-9A268FB36C78}.Debug|Any CPU.ActiveCfg = Debug|Any CPU
		{4682696E-15E8-4C54-97DB-9A268FB36C78}.Debug|Any CPU.Build.0 = Debug|Any CPU
		{4682696E-15E8-4C54-97DB-9A268FB36C78}.Debug|x64.ActiveCfg = Debug|Any CPU
		{4682696E-15E8-4C54-97DB-9A268FB36C78}.Debug|x64.Build.0 = Debug|Any CPU
		{4682696E-15E8-4C54-97DB-9A268FB36C78}.Debug|x86.ActiveCfg = Debug|Any CPU
		{4682696E-15E8-4C54-97DB-9A268FB36C78}.Debug|x86.Build.0 = Debug|Any CPU
		{4682696E-15E8-4C54-97DB-9A268FB36C78}.Release|Any CPU.ActiveCfg = Release|Any CPU
		{4682696E-15E8-4C54-97DB-9A268FB36C78}.Release|Any CPU.Build.0 = Release|Any CPU
		{4682696E-15E8-4C54-97DB-9A268FB36C78}.Release|x64.ActiveCfg = Release|Any CPU
		{4682696E-15E8-4C54-97DB-9A268FB36C78}.Release|x64.Build.0 = Release|Any CPU
		{4682696E-15E8-4C54-97DB-9A268FB36C78}.Release|x86.ActiveCfg = Release|Any CPU
		{4682696E-15E8-4C54-97DB-9A268FB36C78}.Release|x86.Build.0 = Release|Any CPU
		{678BF830-20B0-429F-B532-1ACA0892973A}.Debug|Any CPU.ActiveCfg = Debug|Any CPU
		{678BF830-20B0-429F-B532-1ACA0892973A}.Debug|Any CPU.Build.0 = Debug|Any CPU
		{678BF830-20B0-429F-B532-1ACA0892973A}.Debug|x64.ActiveCfg = Debug|Any CPU
		{678BF830-20B0-429F-B532-1ACA0892973A}.Debug|x64.Build.0 = Debug|Any CPU
		{678BF830-20B0-429F-B532-1ACA0892973A}.Debug|x86.ActiveCfg = Debug|Any CPU
		{678BF830-20B0-429F-B532-1ACA0892973A}.Debug|x86.Build.0 = Debug|Any CPU
		{678BF830-20B0-429F-B532-1ACA0892973A}.Release|Any CPU.ActiveCfg = Release|Any CPU
		{678BF830-20B0-429F-B532-1ACA0892973A}.Release|Any CPU.Build.0 = Release|Any CPU
		{678BF830-20B0-429F-B532-1ACA0892973A}.Release|x64.ActiveCfg = Release|Any CPU
		{678BF830-20B0-429F-B532-1ACA0892973A}.Release|x64.Build.0 = Release|Any CPU
		{678BF830-20B0-429F-B532-1ACA0892973A}.Release|x86.ActiveCfg = Release|Any CPU
		{678BF830-20B0-429F-B532-1ACA0892973A}.Release|x86.Build.0 = Release|Any CPU
		{A0700777-195E-4317-9723-F672EF4EDA7E}.Debug|Any CPU.ActiveCfg = Debug|Any CPU
		{A0700777-195E-4317-9723-F672EF4EDA7E}.Debug|Any CPU.Build.0 = Debug|Any CPU
		{A0700777-195E-4317-9723-F672EF4EDA7E}.Debug|x64.ActiveCfg = Debug|Any CPU
		{A0700777-195E-4317-9723-F672EF4EDA7E}.Debug|x64.Build.0 = Debug|Any CPU
		{A0700777-195E-4317-9723-F672EF4EDA7E}.Debug|x86.ActiveCfg = Debug|Any CPU
		{A0700777-195E-4317-9723-F672EF4EDA7E}.Debug|x86.Build.0 = Debug|Any CPU
		{A0700777-195E-4317-9723-F672EF4EDA7E}.Release|Any CPU.ActiveCfg = Release|Any CPU
		{A0700777-195E-4317-9723-F672EF4EDA7E}.Release|Any CPU.Build.0 = Release|Any CPU
		{A0700777-195E-4317-9723-F672EF4EDA7E}.Release|x64.ActiveCfg = Release|Any CPU
		{A0700777-195E-4317-9723-F672EF4EDA7E}.Release|x64.Build.0 = Release|Any CPU
		{A0700777-195E-4317-9723-F672EF4EDA7E}.Release|x86.ActiveCfg = Release|Any CPU
		{A0700777-195E-4317-9723-F672EF4EDA7E}.Release|x86.Build.0 = Release|Any CPU
		{69190E2B-9D5C-4D94-8F2C-111AC582EA45}.Debug|Any CPU.ActiveCfg = Debug|Any CPU
		{69190E2B-9D5C-4D94-8F2C-111AC582EA45}.Debug|Any CPU.Build.0 = Debug|Any CPU
		{69190E2B-9D5C-4D94-8F2C-111AC582EA45}.Debug|x64.ActiveCfg = Debug|Any CPU
		{69190E2B-9D5C-4D94-8F2C-111AC582EA45}.Debug|x64.Build.0 = Debug|Any CPU
		{69190E2B-9D5C-4D94-8F2C-111AC582EA45}.Debug|x86.ActiveCfg = Debug|Any CPU
		{69190E2B-9D5C-4D94-8F2C-111AC582EA45}.Debug|x86.Build.0 = Debug|Any CPU
		{69190E2B-9D5C-4D94-8F2C-111AC582EA45}.Release|Any CPU.ActiveCfg = Release|Any CPU
		{69190E2B-9D5C-4D94-8F2C-111AC582EA45}.Release|Any CPU.Build.0 = Release|Any CPU
		{69190E2B-9D5C-4D94-8F2C-111AC582EA45}.Release|x64.ActiveCfg = Release|Any CPU
		{69190E2B-9D5C-4D94-8F2C-111AC582EA45}.Release|x64.Build.0 = Release|Any CPU
		{69190E2B-9D5C-4D94-8F2C-111AC582EA45}.Release|x86.ActiveCfg = Release|Any CPU
		{69190E2B-9D5C-4D94-8F2C-111AC582EA45}.Release|x86.Build.0 = Release|Any CPU
		{78BBE643-EACF-4A9F-9AB7-A7091D54EAF1}.Debug|Any CPU.ActiveCfg = Debug|Any CPU
		{78BBE643-EACF-4A9F-9AB7-A7091D54EAF1}.Debug|Any CPU.Build.0 = Debug|Any CPU
		{78BBE643-EACF-4A9F-9AB7-A7091D54EAF1}.Debug|x64.ActiveCfg = Debug|Any CPU
		{78BBE643-EACF-4A9F-9AB7-A7091D54EAF1}.Debug|x64.Build.0 = Debug|Any CPU
		{78BBE643-EACF-4A9F-9AB7-A7091D54EAF1}.Debug|x86.ActiveCfg = Debug|Any CPU
		{78BBE643-EACF-4A9F-9AB7-A7091D54EAF1}.Debug|x86.Build.0 = Debug|Any CPU
		{78BBE643-EACF-4A9F-9AB7-A7091D54EAF1}.Release|Any CPU.ActiveCfg = Release|Any CPU
		{78BBE643-EACF-4A9F-9AB7-A7091D54EAF1}.Release|Any CPU.Build.0 = Release|Any CPU
		{78BBE643-EACF-4A9F-9AB7-A7091D54EAF1}.Release|x64.ActiveCfg = Release|Any CPU
		{78BBE643-EACF-4A9F-9AB7-A7091D54EAF1}.Release|x64.Build.0 = Release|Any CPU
		{78BBE643-EACF-4A9F-9AB7-A7091D54EAF1}.Release|x86.ActiveCfg = Release|Any CPU
		{78BBE643-EACF-4A9F-9AB7-A7091D54EAF1}.Release|x86.Build.0 = Release|Any CPU
		{54EFE7BF-BC0C-4985-88B0-51C728874313}.Debug|Any CPU.ActiveCfg = Debug|Any CPU
		{54EFE7BF-BC0C-4985-88B0-51C728874313}.Debug|Any CPU.Build.0 = Debug|Any CPU
		{54EFE7BF-BC0C-4985-88B0-51C728874313}.Debug|x64.ActiveCfg = Debug|Any CPU
		{54EFE7BF-BC0C-4985-88B0-51C728874313}.Debug|x64.Build.0 = Debug|Any CPU
		{54EFE7BF-BC0C-4985-88B0-51C728874313}.Debug|x86.ActiveCfg = Debug|Any CPU
		{54EFE7BF-BC0C-4985-88B0-51C728874313}.Debug|x86.Build.0 = Debug|Any CPU
		{54EFE7BF-BC0C-4985-88B0-51C728874313}.Release|Any CPU.ActiveCfg = Release|Any CPU
		{54EFE7BF-BC0C-4985-88B0-51C728874313}.Release|Any CPU.Build.0 = Release|Any CPU
		{54EFE7BF-BC0C-4985-88B0-51C728874313}.Release|x64.ActiveCfg = Release|Any CPU
		{54EFE7BF-BC0C-4985-88B0-51C728874313}.Release|x64.Build.0 = Release|Any CPU
		{54EFE7BF-BC0C-4985-88B0-51C728874313}.Release|x86.ActiveCfg = Release|Any CPU
		{54EFE7BF-BC0C-4985-88B0-51C728874313}.Release|x86.Build.0 = Release|Any CPU
		{DE5F4F2D-5BE5-4C0E-BD0C-7DD9FDC7E136}.Debug|Any CPU.ActiveCfg = Debug|Any CPU
		{DE5F4F2D-5BE5-4C0E-BD0C-7DD9FDC7E136}.Debug|Any CPU.Build.0 = Debug|Any CPU
		{DE5F4F2D-5BE5-4C0E-BD0C-7DD9FDC7E136}.Debug|x64.ActiveCfg = Debug|Any CPU
		{DE5F4F2D-5BE5-4C0E-BD0C-7DD9FDC7E136}.Debug|x64.Build.0 = Debug|Any CPU
		{DE5F4F2D-5BE5-4C0E-BD0C-7DD9FDC7E136}.Debug|x86.ActiveCfg = Debug|Any CPU
		{DE5F4F2D-5BE5-4C0E-BD0C-7DD9FDC7E136}.Debug|x86.Build.0 = Debug|Any CPU
		{DE5F4F2D-5BE5-4C0E-BD0C-7DD9FDC7E136}.Release|Any CPU.ActiveCfg = Release|Any CPU
		{DE5F4F2D-5BE5-4C0E-BD0C-7DD9FDC7E136}.Release|Any CPU.Build.0 = Release|Any CPU
		{DE5F4F2D-5BE5-4C0E-BD0C-7DD9FDC7E136}.Release|x64.ActiveCfg = Release|Any CPU
		{DE5F4F2D-5BE5-4C0E-BD0C-7DD9FDC7E136}.Release|x64.Build.0 = Release|Any CPU
		{DE5F4F2D-5BE5-4C0E-BD0C-7DD9FDC7E136}.Release|x86.ActiveCfg = Release|Any CPU
		{DE5F4F2D-5BE5-4C0E-BD0C-7DD9FDC7E136}.Release|x86.Build.0 = Release|Any CPU
		{B8D16719-2E48-4DB5-AA34-29AA2126205B}.Debug|Any CPU.ActiveCfg = Debug|Any CPU
		{B8D16719-2E48-4DB5-AA34-29AA2126205B}.Debug|Any CPU.Build.0 = Debug|Any CPU
		{B8D16719-2E48-4DB5-AA34-29AA2126205B}.Debug|x64.ActiveCfg = Debug|Any CPU
		{B8D16719-2E48-4DB5-AA34-29AA2126205B}.Debug|x64.Build.0 = Debug|Any CPU
		{B8D16719-2E48-4DB5-AA34-29AA2126205B}.Debug|x86.ActiveCfg = Debug|Any CPU
		{B8D16719-2E48-4DB5-AA34-29AA2126205B}.Debug|x86.Build.0 = Debug|Any CPU
		{B8D16719-2E48-4DB5-AA34-29AA2126205B}.Release|Any CPU.ActiveCfg = Release|Any CPU
		{B8D16719-2E48-4DB5-AA34-29AA2126205B}.Release|Any CPU.Build.0 = Release|Any CPU
		{B8D16719-2E48-4DB5-AA34-29AA2126205B}.Release|x64.ActiveCfg = Release|Any CPU
		{B8D16719-2E48-4DB5-AA34-29AA2126205B}.Release|x64.Build.0 = Release|Any CPU
		{B8D16719-2E48-4DB5-AA34-29AA2126205B}.Release|x86.ActiveCfg = Release|Any CPU
		{B8D16719-2E48-4DB5-AA34-29AA2126205B}.Release|x86.Build.0 = Release|Any CPU
		{6ABBDA98-98C7-4F66-B03B-6FAAFEB360AE}.Debug|Any CPU.ActiveCfg = Debug|Any CPU
		{6ABBDA98-98C7-4F66-B03B-6FAAFEB360AE}.Debug|Any CPU.Build.0 = Debug|Any CPU
		{6ABBDA98-98C7-4F66-B03B-6FAAFEB360AE}.Debug|x64.ActiveCfg = Debug|Any CPU
		{6ABBDA98-98C7-4F66-B03B-6FAAFEB360AE}.Debug|x64.Build.0 = Debug|Any CPU
		{6ABBDA98-98C7-4F66-B03B-6FAAFEB360AE}.Debug|x86.ActiveCfg = Debug|Any CPU
		{6ABBDA98-98C7-4F66-B03B-6FAAFEB360AE}.Debug|x86.Build.0 = Debug|Any CPU
		{6ABBDA98-98C7-4F66-B03B-6FAAFEB360AE}.Release|Any CPU.ActiveCfg = Release|Any CPU
		{6ABBDA98-98C7-4F66-B03B-6FAAFEB360AE}.Release|Any CPU.Build.0 = Release|Any CPU
		{6ABBDA98-98C7-4F66-B03B-6FAAFEB360AE}.Release|x64.ActiveCfg = Release|Any CPU
		{6ABBDA98-98C7-4F66-B03B-6FAAFEB360AE}.Release|x64.Build.0 = Release|Any CPU
		{6ABBDA98-98C7-4F66-B03B-6FAAFEB360AE}.Release|x86.ActiveCfg = Release|Any CPU
		{6ABBDA98-98C7-4F66-B03B-6FAAFEB360AE}.Release|x86.Build.0 = Release|Any CPU
		{0F39D634-1196-49D8-856A-8642207A91AC}.Debug|Any CPU.ActiveCfg = Debug|Any CPU
		{0F39D634-1196-49D8-856A-8642207A91AC}.Debug|Any CPU.Build.0 = Debug|Any CPU
		{0F39D634-1196-49D8-856A-8642207A91AC}.Debug|x64.ActiveCfg = Debug|Any CPU
		{0F39D634-1196-49D8-856A-8642207A91AC}.Debug|x64.Build.0 = Debug|Any CPU
		{0F39D634-1196-49D8-856A-8642207A91AC}.Debug|x86.ActiveCfg = Debug|Any CPU
		{0F39D634-1196-49D8-856A-8642207A91AC}.Debug|x86.Build.0 = Debug|Any CPU
		{0F39D634-1196-49D8-856A-8642207A91AC}.Release|Any CPU.ActiveCfg = Release|Any CPU
		{0F39D634-1196-49D8-856A-8642207A91AC}.Release|Any CPU.Build.0 = Release|Any CPU
		{0F39D634-1196-49D8-856A-8642207A91AC}.Release|x64.ActiveCfg = Release|Any CPU
		{0F39D634-1196-49D8-856A-8642207A91AC}.Release|x64.Build.0 = Release|Any CPU
		{0F39D634-1196-49D8-856A-8642207A91AC}.Release|x86.ActiveCfg = Release|Any CPU
		{0F39D634-1196-49D8-856A-8642207A91AC}.Release|x86.Build.0 = Release|Any CPU
		{45F534AB-9313-48E9-9F08-FE83DE18FE93}.Debug|Any CPU.ActiveCfg = Debug|Any CPU
		{45F534AB-9313-48E9-9F08-FE83DE18FE93}.Debug|Any CPU.Build.0 = Debug|Any CPU
		{45F534AB-9313-48E9-9F08-FE83DE18FE93}.Debug|x64.ActiveCfg = Debug|Any CPU
		{45F534AB-9313-48E9-9F08-FE83DE18FE93}.Debug|x64.Build.0 = Debug|Any CPU
		{45F534AB-9313-48E9-9F08-FE83DE18FE93}.Debug|x86.ActiveCfg = Debug|Any CPU
		{45F534AB-9313-48E9-9F08-FE83DE18FE93}.Debug|x86.Build.0 = Debug|Any CPU
		{45F534AB-9313-48E9-9F08-FE83DE18FE93}.Release|Any CPU.ActiveCfg = Release|Any CPU
		{45F534AB-9313-48E9-9F08-FE83DE18FE93}.Release|Any CPU.Build.0 = Release|Any CPU
		{45F534AB-9313-48E9-9F08-FE83DE18FE93}.Release|x64.ActiveCfg = Release|Any CPU
		{45F534AB-9313-48E9-9F08-FE83DE18FE93}.Release|x64.Build.0 = Release|Any CPU
		{45F534AB-9313-48E9-9F08-FE83DE18FE93}.Release|x86.ActiveCfg = Release|Any CPU
		{45F534AB-9313-48E9-9F08-FE83DE18FE93}.Release|x86.Build.0 = Release|Any CPU
		{192AEE7E-D6A2-4EB1-8549-ECF757CD2F29}.Debug|Any CPU.ActiveCfg = Debug|Any CPU
		{192AEE7E-D6A2-4EB1-8549-ECF757CD2F29}.Debug|Any CPU.Build.0 = Debug|Any CPU
		{192AEE7E-D6A2-4EB1-8549-ECF757CD2F29}.Debug|x64.ActiveCfg = Debug|Any CPU
		{192AEE7E-D6A2-4EB1-8549-ECF757CD2F29}.Debug|x64.Build.0 = Debug|Any CPU
		{192AEE7E-D6A2-4EB1-8549-ECF757CD2F29}.Debug|x86.ActiveCfg = Debug|Any CPU
		{192AEE7E-D6A2-4EB1-8549-ECF757CD2F29}.Debug|x86.Build.0 = Debug|Any CPU
		{192AEE7E-D6A2-4EB1-8549-ECF757CD2F29}.Release|Any CPU.ActiveCfg = Release|Any CPU
		{192AEE7E-D6A2-4EB1-8549-ECF757CD2F29}.Release|Any CPU.Build.0 = Release|Any CPU
		{192AEE7E-D6A2-4EB1-8549-ECF757CD2F29}.Release|x64.ActiveCfg = Release|Any CPU
		{192AEE7E-D6A2-4EB1-8549-ECF757CD2F29}.Release|x64.Build.0 = Release|Any CPU
		{192AEE7E-D6A2-4EB1-8549-ECF757CD2F29}.Release|x86.ActiveCfg = Release|Any CPU
		{192AEE7E-D6A2-4EB1-8549-ECF757CD2F29}.Release|x86.Build.0 = Release|Any CPU
	EndGlobalSection
	GlobalSection(SolutionProperties) = preSolution
		HideSolutionNode = FALSE
	EndGlobalSection
	GlobalSection(NestedProjects) = preSolution
		{8C831312-5A23-445A-AA0D-80BAF9A9A751} = {9FF21FC3-DBDE-4371-BAE8-F8E59CE36374}
		{DB310632-EBB7-423E-93F4-2C894CB5C2F6} = {D5A5CF72-B22B-4AB9-A729-3781BAAAD4B8}
		{4682696E-15E8-4C54-97DB-9A268FB36C78} = {F4EACBFE-9EEC-437B-B777-7AAA9489976C}
		{D5A5CF72-B22B-4AB9-A729-3781BAAAD4B8} = {9FF21FC3-DBDE-4371-BAE8-F8E59CE36374}
		{2B66CEFB-6D2D-4055-B9DC-38026A972B8E} = {8C831312-5A23-445A-AA0D-80BAF9A9A751}
		{678BF830-20B0-429F-B532-1ACA0892973A} = {D5A5CF72-B22B-4AB9-A729-3781BAAAD4B8}
		{A0700777-195E-4317-9723-F672EF4EDA7E} = {F4EACBFE-9EEC-437B-B777-7AAA9489976C}
		{69190E2B-9D5C-4D94-8F2C-111AC582EA45} = {F4EACBFE-9EEC-437B-B777-7AAA9489976C}
		{78BBE643-EACF-4A9F-9AB7-A7091D54EAF1} = {9FF21FC3-DBDE-4371-BAE8-F8E59CE36374}
		{54EFE7BF-BC0C-4985-88B0-51C728874313} = {D5A5CF72-B22B-4AB9-A729-3781BAAAD4B8}
		{DE5F4F2D-5BE5-4C0E-BD0C-7DD9FDC7E136} = {D5A5CF72-B22B-4AB9-A729-3781BAAAD4B8}
		{B8D16719-2E48-4DB5-AA34-29AA2126205B} = {9FF21FC3-DBDE-4371-BAE8-F8E59CE36374}
		{6ABBDA98-98C7-4F66-B03B-6FAAFEB360AE} = {D5A5CF72-B22B-4AB9-A729-3781BAAAD4B8}
		{0F39D634-1196-49D8-856A-8642207A91AC} = {2B66CEFB-6D2D-4055-B9DC-38026A972B8E}
		{45F534AB-9313-48E9-9F08-FE83DE18FE93} = {9FF21FC3-DBDE-4371-BAE8-F8E59CE36374}
		{9FF21FC3-DBDE-4371-BAE8-F8E59CE36374} = {F4EACBFE-9EEC-437B-B777-7AAA9489976C}
		{192AEE7E-D6A2-4EB1-8549-ECF757CD2F29} = {8C831312-5A23-445A-AA0D-80BAF9A9A751}
	EndGlobalSection
	GlobalSection(ExtensibilityGlobals) = postSolution
		SolutionGuid = {D006E43C-6854-4641-9706-B8294DBAAB1A}
	EndGlobalSection
EndGlobal
